# This file is generated by running "yarn install" inside your project.
# Manual changes might be lost - proceed with caution!

__metadata:
  version: 8
  cacheKey: 10c0

"@types/node@npm:^24.2.0":
  version: 24.2.0
  resolution: "@types/node@npm:24.2.0"
  dependencies:
    undici-types: "npm:~7.10.0"
  checksum: 10c0/0b55af4d7b37fea47bbeffffaff908462fa19ea9b1a18f92d9ed6d8415d97971b254f8cb3f629cd238916e94711fdb6ac939aa750cb353dfd6df6c0339435740
  languageName: node
  linkType: hard

"array-back@npm:^6.2.2":
  version: 6.2.2
  resolution: "array-back@npm:6.2.2"
  checksum: 10c0/c98a6e43b669400f58e2fba478336d5d02aac970566ffae3af0cb9b5585ec3811a1e010c76e34fb809a9762e6822a43a9c9a1b99f2a35f43b11a9e198e782818
  languageName: node
  linkType: hard

"brotli-dict@workspace:.":
  version: 0.0.0-use.local
  resolution: "brotli-dict@workspace:."
  dependencies:
    "@types/node": "npm:^24.2.0"
    command-line-args: "npm:^6.0.1"
  bin:
    brotli-dict: ./lib/bin.js
  languageName: unknown
  linkType: soft

"command-line-args@npm:^6.0.1":
  version: 6.0.1
  resolution: "command-line-args@npm:6.0.1"
  dependencies:
    array-back: "npm:^6.2.2"
    find-replace: "npm:^5.0.2"
    lodash.camelcase: "npm:^4.3.0"
    typical: "npm:^7.2.0"
  peerDependencies:
    "@75lb/nature": "*"
  peerDependenciesMeta:
    "@75lb/nature":
      optional: true
  checksum: 10c0/45556284f60db8d258fa262a0532ce7eadeb87da3475a5c39191b5c208c02a726f84a117c71d91fe3600f764f77bd5269e0c77444fb3eed4525be610802dcef4
  languageName: node
  linkType: hard

"find-replace@npm:^5.0.2":
  version: 5.0.2
  resolution: "find-replace@npm:5.0.2"
  peerDependencies:
    "@75lb/nature": "*"
  peerDependenciesMeta:
    "@75lb/nature":
      optional: true
  checksum: 10c0/25db7167e8767b0683251a985af82e29b0ac26003fe2cd6ddd86e4f2c83fc10d97a81c6f6686034d8c2b9ee88bc53547bf86cc103479a7323342da5ace9f6504
  languageName: node
  linkType: hard

"lodash.camelcase@npm:^4.3.0":
  version: 4.3.0
  resolution: "lodash.camelcase@npm:4.3.0"
  checksum: 10c0/fcba15d21a458076dd309fce6b1b4bf611d84a0ec252cb92447c948c533ac250b95d2e00955801ebc367e5af5ed288b996d75d37d2035260a937008e14eaf432
  languageName: node
  linkType: hard

"typical@npm:^7.2.0":
  version: 7.3.0
  resolution: "typical@npm:7.3.0"
  checksum: 10c0/bee697a88e1dd0447bc1cf7f6e875eaa2b0fb2cccb338b7b261e315f7df84a66402864bfc326d6b3117c50475afd1d49eda03d846a6299ad25f211035bfab3b1
  languageName: node
  linkType: hard

"undici-types@npm:~7.10.0":
  version: 7.10.0
  resolution: "undici-types@npm:7.10.0"
  checksum: 10c0/8b00ce50e235fe3cc601307f148b5e8fb427092ee3b23e8118ec0a5d7f68eca8cee468c8fc9f15cbb2cf2a3797945ebceb1cbd9732306a1d00e0a9b6afa0f635
  languageName: node
  linkType: hard
